
Microsoft Visual Studio Solution File, Format Version 12.00
# Visual Studio Version 17
VisualStudioVersion = 17.5.33516.290
MinimumVisualStudioVersion = 10.0.40219.1
Project("{9A19103F-16F7-4668-BE54-9A1E7A4F7556}") = "Iterator.Lab1", "Iterator.Lab1\Iterator.Lab1.csproj", "{5B4DA220-E7EA-4A34-8365-7413DA04B255}"
EndProject
Project("{FAE04EC0-301F-11D3-BF4B-00C04F79EFBC}") = "Memento.Lab3", "Memento.Lab3\Memento.Lab3.csproj", "{C6BB2B89-F025-48A4-956D-992C847AFE57}"
EndProject
Project("{FAE04EC0-301F-11D3-BF4B-00C04F79EFBC}") = "Strategy.Lab4", "Strategy.Lab4\Strategy.Lab4.csproj", "{C20A9362-812F-4E01-A7DC-14C87D5BC2B1}"
EndProject
Global
	GlobalSection(SolutionConfigurationPlatforms) = preSolution
		Debug|Any CPU = Debug|Any CPU
		Release|Any CPU = Release|Any CPU
	EndGlobalSection
	GlobalSection(ProjectConfigurationPlatforms) = postSolution
		{5B4DA220-E7EA-4A34-8365-7413DA04B255}.Debug|Any CPU.ActiveCfg = Debug|Any CPU
		{5B4DA220-E7EA-4A34-8365-7413DA04B255}.Debug|Any CPU.Build.0 = Debug|Any CPU
		{5B4DA220-E7EA-4A34-8365-7413DA04B255}.Release|Any CPU.ActiveCfg = Release|Any CPU
		{5B4DA220-E7EA-4A34-8365-7413DA04B255}.Release|Any CPU.Build.0 = Release|Any CPU
		{C6BB2B89-F025-48A4-956D-992C847AFE57}.Debug|Any CPU.ActiveCfg = Debug|Any CPU
		{C6BB2B89-F025-48A4-956D-992C847AFE57}.Debug|Any CPU.Build.0 = Debug|Any CPU
		{C6BB2B89-F025-48A4-956D-992C847AFE57}.Release|Any CPU.ActiveCfg = Release|Any CPU
		{C6BB2B89-F025-48A4-956D-992C847AFE57}.Release|Any CPU.Build.0 = Release|Any CPU
		{C20A9362-812F-4E01-A7DC-14C87D5BC2B1}.Debug|Any CPU.ActiveCfg = Debug|Any CPU
		{C20A9362-812F-4E01-A7DC-14C87D5BC2B1}.Debug|Any CPU.Build.0 = Debug|Any CPU
		{C20A9362-812F-4E01-A7DC-14C87D5BC2B1}.Release|Any CPU.ActiveCfg = Release|Any CPU
		{C20A9362-812F-4E01-A7DC-14C87D5BC2B1}.Release|Any CPU.Build.0 = Release|Any CPU
	EndGlobalSection
	GlobalSection(SolutionProperties) = preSolution
		HideSolutionNode = FALSE
	EndGlobalSection
	GlobalSection(ExtensibilityGlobals) = postSolution
		SolutionGuid = {B65354CF-66CB-4CA5-9414-4039B2417728}
	EndGlobalSection
EndGlobal
